
Microsoft Visual Studio Solution File, Format Version 12.00
# Visual Studio 15
VisualStudioVersion = 15.0.27428.2043
MinimumVisualStudioVersion = 10.0.40219.1
Project("{FAE04EC0-301F-11D3-BF4B-00C04F79EFBC}") = "InerestCalculator", "InerestCalculator\InerestCalculator.csproj", "{08954E4B-04A4-4338-AFE4-0A7602B5531D}"
EndProject
Global
	GlobalSection(SolutionConfigurationPlatforms) = preSolution
		Debug|Any CPU = Debug|Any CPU
		Release|Any CPU = Release|Any CPU
	EndGlobalSection
	GlobalSection(ProjectConfigurationPlatforms) = postSolution
		{08954E4B-04A4-4338-AFE4-0A7602B5531D}.Debug|Any CPU.ActiveCfg = Debug|Any CPU
		{08954E4B-04A4-4338-AFE4-0A7602B5531D}.Debug|Any CPU.Build.0 = Debug|Any CPU
		{08954E4B-04A4-4338-AFE4-0A7602B5531D}.Release|Any CPU.ActiveCfg = Release|Any CPU
		{08954E4B-04A4-4338-AFE4-0A7602B5531D}.Release|Any CPU.Build.0 = Release|Any CPU
	EndGlobalSection
	GlobalSection(SolutionProperties) = preSolution
		HideSolutionNode = FALSE
	EndGlobalSection
	GlobalSection(ExtensibilityGlobals) = postSolution
		SolutionGuid = {DDEDBFED-0777-47AE-AF89-AA7EFDDB775C}
	EndGlobalSection
EndGlobal
