
Microsoft Visual Studio Solution File, Format Version 12.00
# Visual Studio 15
VisualStudioVersion = 15.0.27703.2042
MinimumVisualStudioVersion = 10.0.40219.1
Project("{FAE04EC0-301F-11D3-BF4B-00C04F79EFBC}") = "TextAnalysis", "TextAnalysis\TextAnalysis.csproj", "{11FFA105-12E6-4E77-AF79-EA17BF16FCAC}"
EndProject
Global
	GlobalSection(SolutionConfigurationPlatforms) = preSolution
		Debug|Any CPU = Debug|Any CPU
		Release|Any CPU = Release|Any CPU
	EndGlobalSection
	GlobalSection(ProjectConfigurationPlatforms) = postSolution
		{11FFA105-12E6-4E77-AF79-EA17BF16FCAC}.Debug|Any CPU.ActiveCfg = Debug|Any CPU
		{11FFA105-12E6-4E77-AF79-EA17BF16FCAC}.Debug|Any CPU.Build.0 = Debug|Any CPU
		{11FFA105-12E6-4E77-AF79-EA17BF16FCAC}.Release|Any CPU.ActiveCfg = Release|Any CPU
		{11FFA105-12E6-4E77-AF79-EA17BF16FCAC}.Release|Any CPU.Build.0 = Release|Any CPU
	EndGlobalSection
	GlobalSection(SolutionProperties) = preSolution
		HideSolutionNode = FALSE
	EndGlobalSection
	GlobalSection(ExtensibilityGlobals) = postSolution
		SolutionGuid = {1DB96958-0908-4B59-B027-281E7D3B1976}
	EndGlobalSection
EndGlobal
