
Microsoft Visual Studio Solution File, Format Version 12.00
# Visual Studio 15
VisualStudioVersion = 15.0.27703.2042
MinimumVisualStudioVersion = 10.0.40219.1
Project("{FAE04EC0-301F-11D3-BF4B-00C04F79EFBC}") = "DistanceConverter", "DistanceConverter\DistanceConverter.csproj", "{CA0E9991-53FD-4FE0-B277-01179C9A513E}"
EndProject
Global
	GlobalSection(SolutionConfigurationPlatforms) = preSolution
		Debug|Any CPU = Debug|Any CPU
		Release|Any CPU = Release|Any CPU
	EndGlobalSection
	GlobalSection(ProjectConfigurationPlatforms) = postSolution
		{CA0E9991-53FD-4FE0-B277-01179C9A513E}.Debug|Any CPU.ActiveCfg = Debug|Any CPU
		{CA0E9991-53FD-4FE0-B277-01179C9A513E}.Debug|Any CPU.Build.0 = Debug|Any CPU
		{CA0E9991-53FD-4FE0-B277-01179C9A513E}.Release|Any CPU.ActiveCfg = Release|Any CPU
		{CA0E9991-53FD-4FE0-B277-01179C9A513E}.Release|Any CPU.Build.0 = Release|Any CPU
	EndGlobalSection
	GlobalSection(SolutionProperties) = preSolution
		HideSolutionNode = FALSE
	EndGlobalSection
	GlobalSection(ExtensibilityGlobals) = postSolution
		SolutionGuid = {BDD991D2-E8CA-4DF9-A661-576CCB7963DB}
	EndGlobalSection
EndGlobal
