
Microsoft Visual Studio Solution File, Format Version 12.00
# Visual Studio Version 16
VisualStudioVersion = 16.0.30406.217
MinimumVisualStudioVersion = 10.0.40219.1
Project("{FAE04EC0-301F-11D3-BF4B-00C04F79EFBC}") = "FibonacciNumbers", "FibonacciNumbers\FibonacciNumbers.csproj", "{B5FE3FB8-86BD-47C9-99ED-9D2B57180C1C}"
EndProject
Global
	GlobalSection(SolutionConfigurationPlatforms) = preSolution
		Debug|Any CPU = Debug|Any CPU
		Release|Any CPU = Release|Any CPU
	EndGlobalSection
	GlobalSection(ProjectConfigurationPlatforms) = postSolution
		{B5FE3FB8-86BD-47C9-99ED-9D2B57180C1C}.Debug|Any CPU.ActiveCfg = Debug|Any CPU
		{B5FE3FB8-86BD-47C9-99ED-9D2B57180C1C}.Debug|Any CPU.Build.0 = Debug|Any CPU
		{B5FE3FB8-86BD-47C9-99ED-9D2B57180C1C}.Release|Any CPU.ActiveCfg = Release|Any CPU
		{B5FE3FB8-86BD-47C9-99ED-9D2B57180C1C}.Release|Any CPU.Build.0 = Release|Any CPU
	EndGlobalSection
	GlobalSection(SolutionProperties) = preSolution
		HideSolutionNode = FALSE
	EndGlobalSection
	GlobalSection(ExtensibilityGlobals) = postSolution
		SolutionGuid = {088EF048-44CF-47DD-985D-0CF9B76B2CC8}
	EndGlobalSection
EndGlobal
