
Microsoft Visual Studio Solution File, Format Version 12.00
# Visual Studio 15
VisualStudioVersion = 15.0.27428.2043
MinimumVisualStudioVersion = 10.0.40219.1
Project("{FAE04EC0-301F-11D3-BF4B-00C04F79EFBC}") = "ShowDigits", "ShowDigits\ShowDigits.csproj", "{FC9E610A-5457-4DD0-8716-B09B9CDD2D6C}"
EndProject
Global
	GlobalSection(SolutionConfigurationPlatforms) = preSolution
		Debug|Any CPU = Debug|Any CPU
		Release|Any CPU = Release|Any CPU
	EndGlobalSection
	GlobalSection(ProjectConfigurationPlatforms) = postSolution
		{FC9E610A-5457-4DD0-8716-B09B9CDD2D6C}.Debug|Any CPU.ActiveCfg = Debug|Any CPU
		{FC9E610A-5457-4DD0-8716-B09B9CDD2D6C}.Debug|Any CPU.Build.0 = Debug|Any CPU
		{FC9E610A-5457-4DD0-8716-B09B9CDD2D6C}.Release|Any CPU.ActiveCfg = Release|Any CPU
		{FC9E610A-5457-4DD0-8716-B09B9CDD2D6C}.Release|Any CPU.Build.0 = Release|Any CPU
	EndGlobalSection
	GlobalSection(SolutionProperties) = preSolution
		HideSolutionNode = FALSE
	EndGlobalSection
	GlobalSection(ExtensibilityGlobals) = postSolution
		SolutionGuid = {9B6E2923-6DA4-47B4-9B7F-050649446679}
	EndGlobalSection
EndGlobal
