
Microsoft Visual Studio Solution File, Format Version 12.00
# Visual Studio 15
VisualStudioVersion = 15.0.27703.2042
MinimumVisualStudioVersion = 10.0.40219.1
Project("{FAE04EC0-301F-11D3-BF4B-00C04F79EFBC}") = "Exchanger", "Exchanger\Exchanger.csproj", "{55EA2B07-6E0A-4686-BE48-4BC43B2A9A8D}"
EndProject
Global
	GlobalSection(SolutionConfigurationPlatforms) = preSolution
		Debug|Any CPU = Debug|Any CPU
		Release|Any CPU = Release|Any CPU
	EndGlobalSection
	GlobalSection(ProjectConfigurationPlatforms) = postSolution
		{55EA2B07-6E0A-4686-BE48-4BC43B2A9A8D}.Debug|Any CPU.ActiveCfg = Debug|Any CPU
		{55EA2B07-6E0A-4686-BE48-4BC43B2A9A8D}.Debug|Any CPU.Build.0 = Debug|Any CPU
		{55EA2B07-6E0A-4686-BE48-4BC43B2A9A8D}.Release|Any CPU.ActiveCfg = Release|Any CPU
		{55EA2B07-6E0A-4686-BE48-4BC43B2A9A8D}.Release|Any CPU.Build.0 = Release|Any CPU
	EndGlobalSection
	GlobalSection(SolutionProperties) = preSolution
		HideSolutionNode = FALSE
	EndGlobalSection
	GlobalSection(ExtensibilityGlobals) = postSolution
		SolutionGuid = {5D84E201-C482-49D1-B351-C02C5EA6E4A3}
	EndGlobalSection
EndGlobal
