
Microsoft Visual Studio Solution File, Format Version 12.00
# Visual Studio 15
VisualStudioVersion = 15.0.27703.2042
MinimumVisualStudioVersion = 10.0.40219.1
Project("{FAE04EC0-301F-11D3-BF4B-00C04F79EFBC}") = "Sorting", "Sorting\Sorting.csproj", "{E4B6C1ED-9CB8-40B7-9CBA-971C1FCD0BB3}"
EndProject
Global
	GlobalSection(SolutionConfigurationPlatforms) = preSolution
		Debug|Any CPU = Debug|Any CPU
		Release|Any CPU = Release|Any CPU
	EndGlobalSection
	GlobalSection(ProjectConfigurationPlatforms) = postSolution
		{E4B6C1ED-9CB8-40B7-9CBA-971C1FCD0BB3}.Debug|Any CPU.ActiveCfg = Debug|Any CPU
		{E4B6C1ED-9CB8-40B7-9CBA-971C1FCD0BB3}.Debug|Any CPU.Build.0 = Debug|Any CPU
		{E4B6C1ED-9CB8-40B7-9CBA-971C1FCD0BB3}.Release|Any CPU.ActiveCfg = Release|Any CPU
		{E4B6C1ED-9CB8-40B7-9CBA-971C1FCD0BB3}.Release|Any CPU.Build.0 = Release|Any CPU
	EndGlobalSection
	GlobalSection(SolutionProperties) = preSolution
		HideSolutionNode = FALSE
	EndGlobalSection
	GlobalSection(ExtensibilityGlobals) = postSolution
		SolutionGuid = {F923CA42-6851-4BAA-B349-94B2B1DA340E}
	EndGlobalSection
EndGlobal
