
Microsoft Visual Studio Solution File, Format Version 12.00
# Visual Studio 15
VisualStudioVersion = 15.0.27428.2043
MinimumVisualStudioVersion = 10.0.40219.1
Project("{FAE04EC0-301F-11D3-BF4B-00C04F79EFBC}") = "PrimeInput", "PrimeInput\PrimeInput.csproj", "{A2E91020-655C-4693-A959-E75DC5867369}"
EndProject
Global
	GlobalSection(SolutionConfigurationPlatforms) = preSolution
		Debug|Any CPU = Debug|Any CPU
		Release|Any CPU = Release|Any CPU
	EndGlobalSection
	GlobalSection(ProjectConfigurationPlatforms) = postSolution
		{A2E91020-655C-4693-A959-E75DC5867369}.Debug|Any CPU.ActiveCfg = Debug|Any CPU
		{A2E91020-655C-4693-A959-E75DC5867369}.Debug|Any CPU.Build.0 = Debug|Any CPU
		{A2E91020-655C-4693-A959-E75DC5867369}.Release|Any CPU.ActiveCfg = Release|Any CPU
		{A2E91020-655C-4693-A959-E75DC5867369}.Release|Any CPU.Build.0 = Release|Any CPU
	EndGlobalSection
	GlobalSection(SolutionProperties) = preSolution
		HideSolutionNode = FALSE
	EndGlobalSection
	GlobalSection(ExtensibilityGlobals) = postSolution
		SolutionGuid = {3C21BF0E-A0F1-48D4-B855-F3BBC7EBCAC7}
	EndGlobalSection
EndGlobal
