
Microsoft Visual Studio Solution File, Format Version 12.00
# Visual Studio 15
VisualStudioVersion = 15.0.27703.2042
MinimumVisualStudioVersion = 10.0.40219.1
Project("{FAE04EC0-301F-11D3-BF4B-00C04F79EFBC}") = "MirroredArrays", "MirroredArrays\MirroredArrays.csproj", "{1DACF04D-EBD3-4CDD-BD82-59554970001C}"
EndProject
Global
	GlobalSection(SolutionConfigurationPlatforms) = preSolution
		Debug|Any CPU = Debug|Any CPU
		Release|Any CPU = Release|Any CPU
	EndGlobalSection
	GlobalSection(ProjectConfigurationPlatforms) = postSolution
		{1DACF04D-EBD3-4CDD-BD82-59554970001C}.Debug|Any CPU.ActiveCfg = Debug|Any CPU
		{1DACF04D-EBD3-4CDD-BD82-59554970001C}.Debug|Any CPU.Build.0 = Debug|Any CPU
		{1DACF04D-EBD3-4CDD-BD82-59554970001C}.Release|Any CPU.ActiveCfg = Release|Any CPU
		{1DACF04D-EBD3-4CDD-BD82-59554970001C}.Release|Any CPU.Build.0 = Release|Any CPU
	EndGlobalSection
	GlobalSection(SolutionProperties) = preSolution
		HideSolutionNode = FALSE
	EndGlobalSection
	GlobalSection(ExtensibilityGlobals) = postSolution
		SolutionGuid = {2279F382-0467-4A1D-B2AE-FABAA6D58B86}
	EndGlobalSection
EndGlobal
