
Microsoft Visual Studio Solution File, Format Version 12.00
# Visual Studio Version 17
VisualStudioVersion = 17.11.35327.3
MinimumVisualStudioVersion = 10.0.40219.1
Project("{FAE04EC0-301F-11D3-BF4B-00C04F79EFBC}") = "Palindrome", "Palindrome\Palindrome.csproj", "{3303A78B-238B-49D1-B133-C50A6E578809}"
EndProject
Global
	GlobalSection(SolutionConfigurationPlatforms) = preSolution
		Debug|Any CPU = Debug|Any CPU
		Release|Any CPU = Release|Any CPU
	EndGlobalSection
	GlobalSection(ProjectConfigurationPlatforms) = postSolution
		{3303A78B-238B-49D1-B133-C50A6E578809}.Debug|Any CPU.ActiveCfg = Debug|Any CPU
		{3303A78B-238B-49D1-B133-C50A6E578809}.Debug|Any CPU.Build.0 = Debug|Any CPU
		{3303A78B-238B-49D1-B133-C50A6E578809}.Release|Any CPU.ActiveCfg = Release|Any CPU
		{3303A78B-238B-49D1-B133-C50A6E578809}.Release|Any CPU.Build.0 = Release|Any CPU
	EndGlobalSection
	GlobalSection(SolutionProperties) = preSolution
		HideSolutionNode = FALSE
	EndGlobalSection
	GlobalSection(ExtensibilityGlobals) = postSolution
		SolutionGuid = {D6829020-DB99-476F-B42D-FC194B97412C}
	EndGlobalSection
EndGlobal
