
Microsoft Visual Studio Solution File, Format Version 12.00
# Visual Studio 15
VisualStudioVersion = 15.0.27703.2042
MinimumVisualStudioVersion = 10.0.40219.1
Project("{FAE04EC0-301F-11D3-BF4B-00C04F79EFBC}") = "StrangeLanguage", "StrangeLanguage\StrangeLanguage.csproj", "{022310B7-9761-417A-A28F-006E19791FE7}"
EndProject
Global
	GlobalSection(SolutionConfigurationPlatforms) = preSolution
		Debug|Any CPU = Debug|Any CPU
		Release|Any CPU = Release|Any CPU
	EndGlobalSection
	GlobalSection(ProjectConfigurationPlatforms) = postSolution
		{022310B7-9761-417A-A28F-006E19791FE7}.Debug|Any CPU.ActiveCfg = Debug|Any CPU
		{022310B7-9761-417A-A28F-006E19791FE7}.Debug|Any CPU.Build.0 = Debug|Any CPU
		{022310B7-9761-417A-A28F-006E19791FE7}.Release|Any CPU.ActiveCfg = Release|Any CPU
		{022310B7-9761-417A-A28F-006E19791FE7}.Release|Any CPU.Build.0 = Release|Any CPU
	EndGlobalSection
	GlobalSection(SolutionProperties) = preSolution
		HideSolutionNode = FALSE
	EndGlobalSection
	GlobalSection(ExtensibilityGlobals) = postSolution
		SolutionGuid = {73DEBFDF-9CD3-4DC5-BD2B-B32D31A9787F}
	EndGlobalSection
EndGlobal
