
Microsoft Visual Studio Solution File, Format Version 12.00
# Visual Studio Version 16
VisualStudioVersion = 16.0.30406.217
MinimumVisualStudioVersion = 10.0.40219.1
Project("{FAE04EC0-301F-11D3-BF4B-00C04F79EFBC}") = "TimeRounding", "TimeRounding\TimeRounding.csproj", "{F300C1E3-7C0D-4711-B2D3-7676FA94AB57}"
EndProject
Global
	GlobalSection(SolutionConfigurationPlatforms) = preSolution
		Debug|Any CPU = Debug|Any CPU
		Release|Any CPU = Release|Any CPU
	EndGlobalSection
	GlobalSection(ProjectConfigurationPlatforms) = postSolution
		{F300C1E3-7C0D-4711-B2D3-7676FA94AB57}.Debug|Any CPU.ActiveCfg = Debug|Any CPU
		{F300C1E3-7C0D-4711-B2D3-7676FA94AB57}.Debug|Any CPU.Build.0 = Debug|Any CPU
		{F300C1E3-7C0D-4711-B2D3-7676FA94AB57}.Release|Any CPU.ActiveCfg = Release|Any CPU
		{F300C1E3-7C0D-4711-B2D3-7676FA94AB57}.Release|Any CPU.Build.0 = Release|Any CPU
	EndGlobalSection
	GlobalSection(SolutionProperties) = preSolution
		HideSolutionNode = FALSE
	EndGlobalSection
	GlobalSection(ExtensibilityGlobals) = postSolution
		SolutionGuid = {6B73298C-1491-4866-84ED-215A6714F389}
	EndGlobalSection
EndGlobal
