
Microsoft Visual Studio Solution File, Format Version 12.00
# Visual Studio Version 16
VisualStudioVersion = 16.0.30406.217
MinimumVisualStudioVersion = 10.0.40219.1
Project("{FAE04EC0-301F-11D3-BF4B-00C04F79EFBC}") = "RelayRace", "RelayRace\RelayRace.csproj", "{61404D26-2335-4F75-829E-1ACE88E4281F}"
EndProject
Global
	GlobalSection(SolutionConfigurationPlatforms) = preSolution
		Debug|Any CPU = Debug|Any CPU
		Release|Any CPU = Release|Any CPU
	EndGlobalSection
	GlobalSection(ProjectConfigurationPlatforms) = postSolution
		{61404D26-2335-4F75-829E-1ACE88E4281F}.Debug|Any CPU.ActiveCfg = Debug|Any CPU
		{61404D26-2335-4F75-829E-1ACE88E4281F}.Debug|Any CPU.Build.0 = Debug|Any CPU
		{61404D26-2335-4F75-829E-1ACE88E4281F}.Release|Any CPU.ActiveCfg = Release|Any CPU
		{61404D26-2335-4F75-829E-1ACE88E4281F}.Release|Any CPU.Build.0 = Release|Any CPU
	EndGlobalSection
	GlobalSection(SolutionProperties) = preSolution
		HideSolutionNode = FALSE
	EndGlobalSection
	GlobalSection(ExtensibilityGlobals) = postSolution
		SolutionGuid = {FF73D480-F5BA-4DED-93E0-52D622BFC0C3}
	EndGlobalSection
EndGlobal
